
Microsoft Visual Studio Solution File, Format Version 12.00
# Visual Studio Version 17
VisualStudioVersion = 17.7.34009.444
MinimumVisualStudioVersion = 10.0.40219.1
Project("{9A19103F-16F7-4668-BE54-9A1E7A4F7556}") = "User_Authentication.API", "User_Authentication.API\User_Authentication.API.csproj", "{2EC0D32B-F657-4159-99A6-E1A394A2774D}"
EndProject
Project("{FAE04EC0-301F-11D3-BF4B-00C04F79EFBC}") = "User_Authentication.Web", "User_Authentication.Web\User_Authentication.Web.csproj", "{FEEBD1B9-923A-4B4D-B95D-8EA885738656}"
EndProject
Global
	GlobalSection(SolutionConfigurationPlatforms) = preSolution
		Debug|Any CPU = Debug|Any CPU
		Release|Any CPU = Release|Any CPU
	EndGlobalSection
	GlobalSection(ProjectConfigurationPlatforms) = postSolution
		{2EC0D32B-F657-4159-99A6-E1A394A2774D}.Debug|Any CPU.ActiveCfg = Debug|Any CPU
		{2EC0D32B-F657-4159-99A6-E1A394A2774D}.Debug|Any CPU.Build.0 = Debug|Any CPU
		{2EC0D32B-F657-4159-99A6-E1A394A2774D}.Release|Any CPU.ActiveCfg = Release|Any CPU
		{2EC0D32B-F657-4159-99A6-E1A394A2774D}.Release|Any CPU.Build.0 = Release|Any CPU
		{FEEBD1B9-923A-4B4D-B95D-8EA885738656}.Debug|Any CPU.ActiveCfg = Debug|Any CPU
		{FEEBD1B9-923A-4B4D-B95D-8EA885738656}.Debug|Any CPU.Build.0 = Debug|Any CPU
		{FEEBD1B9-923A-4B4D-B95D-8EA885738656}.Release|Any CPU.ActiveCfg = Release|Any CPU
		{FEEBD1B9-923A-4B4D-B95D-8EA885738656}.Release|Any CPU.Build.0 = Release|Any CPU
	EndGlobalSection
	GlobalSection(SolutionProperties) = preSolution
		HideSolutionNode = FALSE
	EndGlobalSection
	GlobalSection(ExtensibilityGlobals) = postSolution
		SolutionGuid = {17E41F0A-C99F-4530-88FF-2EFD00FCDCF6}
	EndGlobalSection
EndGlobal
